
Microsoft Visual Studio Solution File, Format Version 12.00
Project("{FAE04EC0-301F-11D3-BF4B-00C04F79EFBC}") = "PopulationTask", "PopulationTask\PopulationTask.csproj", "{7BF084E8-BEC9-456F-9EC4-529A0C6B9541}"
EndProject
Project("{FAE04EC0-301F-11D3-BF4B-00C04F79EFBC}") = "PopulationTask.Tests", "PopulationTask.Tests\PopulationTask.Tests.csproj", "{148CBE06-A829-4AF9-8857-1D1F41B811CE}"
EndProject
Global
	GlobalSection(SolutionConfigurationPlatforms) = preSolution
		Debug|Any CPU = Debug|Any CPU
		Release|Any CPU = Release|Any CPU
	EndGlobalSection
	GlobalSection(ProjectConfigurationPlatforms) = postSolution
		{7BF084E8-BEC9-456F-9EC4-529A0C6B9541}.Debug|Any CPU.ActiveCfg = Debug|Any CPU
		{7BF084E8-BEC9-456F-9EC4-529A0C6B9541}.Debug|Any CPU.Build.0 = Debug|Any CPU
		{7BF084E8-BEC9-456F-9EC4-529A0C6B9541}.Release|Any CPU.ActiveCfg = Release|Any CPU
		{7BF084E8-BEC9-456F-9EC4-529A0C6B9541}.Release|Any CPU.Build.0 = Release|Any CPU
		{148CBE06-A829-4AF9-8857-1D1F41B811CE}.Debug|Any CPU.ActiveCfg = Debug|Any CPU
		{148CBE06-A829-4AF9-8857-1D1F41B811CE}.Debug|Any CPU.Build.0 = Debug|Any CPU
		{148CBE06-A829-4AF9-8857-1D1F41B811CE}.Release|Any CPU.ActiveCfg = Release|Any CPU
		{148CBE06-A829-4AF9-8857-1D1F41B811CE}.Release|Any CPU.Build.0 = Release|Any CPU
	EndGlobalSection
EndGlobal
